
Microsoft Visual Studio Solution File, Format Version 12.00
# Visual Studio Version 17
VisualStudioVersion = 17.12.35707.178
MinimumVisualStudioVersion = 10.0.40219.1
Project("{2150E333-8FDC-42A3-9474-1A3956D46DE8}") = "Core", "Core", "{5F0EAA42-4628-44DA-A7A7-F79389B73CA0}"
EndProject
Project("{FAE04EC0-301F-11D3-BF4B-00C04F79EFBC}") = "OBS.Domain", "Core\OBS.Domain\OBS.Domain.csproj", "{4FA241FD-8F2A-4EBD-867A-AAE33AC32488}"
EndProject
Project("{2150E333-8FDC-42A3-9474-1A3956D46DE8}") = "Infrastructure", "Infrastructure", "{91952ED9-79EE-4643-9671-52F340255B59}"
EndProject
Project("{FAE04EC0-301F-11D3-BF4B-00C04F79EFBC}") = "OBS.Persistence", "Infrastructure\Persistence\OBS.Persistence.csproj", "{D17BF996-717C-48B6-9F86-65C3852DEFD3}"
EndProject
Project("{2150E333-8FDC-42A3-9474-1A3956D46DE8}") = "Presentation", "Presentation", "{EA349450-3EAD-495E-A9F2-D63D286A04FE}"
EndProject
Project("{FAE04EC0-301F-11D3-BF4B-00C04F79EFBC}") = "OBS.WebApi", "Presentation\OBS.WebApi\OBS.WebApi.csproj", "{94F4EFB4-F25E-4679-B376-B5C3167BBC53}"
EndProject
Project("{FAE04EC0-301F-11D3-BF4B-00C04F79EFBC}") = "OBS.Application", "Core\OBS.Application\OBS.Application.csproj", "{BF073B39-91B6-4F00-BF0C-015066F49C90}"
EndProject
Project("{2150E333-8FDC-42A3-9474-1A3956D46DE8}") = "Frontends", "Frontends", "{B0CF7737-09C3-4173-9F08-4A1F72041A21}"
EndProject
Project("{FAE04EC0-301F-11D3-BF4B-00C04F79EFBC}") = "OBS.WebUI", "Frontends\OBS.WebUI\OBS.WebUI.csproj", "{D0A4183A-E227-47DE-A40F-1F2A29EE51F6}"
EndProject
Project("{FAE04EC0-301F-11D3-BF4B-00C04F79EFBC}") = "OBS.Dto", "Frontends\OBS.Dto\OBS.Dto.csproj", "{8C611E6A-3987-43D6-9F1D-0A3D39E048B8}"
EndProject
Global
	GlobalSection(SolutionConfigurationPlatforms) = preSolution
		Debug|Any CPU = Debug|Any CPU
		Release|Any CPU = Release|Any CPU
	EndGlobalSection
	GlobalSection(ProjectConfigurationPlatforms) = postSolution
		{4FA241FD-8F2A-4EBD-867A-AAE33AC32488}.Debug|Any CPU.ActiveCfg = Debug|Any CPU
		{4FA241FD-8F2A-4EBD-867A-AAE33AC32488}.Debug|Any CPU.Build.0 = Debug|Any CPU
		{4FA241FD-8F2A-4EBD-867A-AAE33AC32488}.Release|Any CPU.ActiveCfg = Release|Any CPU
		{4FA241FD-8F2A-4EBD-867A-AAE33AC32488}.Release|Any CPU.Build.0 = Release|Any CPU
		{D17BF996-717C-48B6-9F86-65C3852DEFD3}.Debug|Any CPU.ActiveCfg = Debug|Any CPU
		{D17BF996-717C-48B6-9F86-65C3852DEFD3}.Debug|Any CPU.Build.0 = Debug|Any CPU
		{D17BF996-717C-48B6-9F86-65C3852DEFD3}.Release|Any CPU.ActiveCfg = Release|Any CPU
		{D17BF996-717C-48B6-9F86-65C3852DEFD3}.Release|Any CPU.Build.0 = Release|Any CPU
		{94F4EFB4-F25E-4679-B376-B5C3167BBC53}.Debug|Any CPU.ActiveCfg = Debug|Any CPU
		{94F4EFB4-F25E-4679-B376-B5C3167BBC53}.Debug|Any CPU.Build.0 = Debug|Any CPU
		{94F4EFB4-F25E-4679-B376-B5C3167BBC53}.Release|Any CPU.ActiveCfg = Release|Any CPU
		{94F4EFB4-F25E-4679-B376-B5C3167BBC53}.Release|Any CPU.Build.0 = Release|Any CPU
		{BF073B39-91B6-4F00-BF0C-015066F49C90}.Debug|Any CPU.ActiveCfg = Debug|Any CPU
		{BF073B39-91B6-4F00-BF0C-015066F49C90}.Debug|Any CPU.Build.0 = Debug|Any CPU
		{BF073B39-91B6-4F00-BF0C-015066F49C90}.Release|Any CPU.ActiveCfg = Release|Any CPU
		{BF073B39-91B6-4F00-BF0C-015066F49C90}.Release|Any CPU.Build.0 = Release|Any CPU
		{D0A4183A-E227-47DE-A40F-1F2A29EE51F6}.Debug|Any CPU.ActiveCfg = Debug|Any CPU
		{D0A4183A-E227-47DE-A40F-1F2A29EE51F6}.Debug|Any CPU.Build.0 = Debug|Any CPU
		{D0A4183A-E227-47DE-A40F-1F2A29EE51F6}.Release|Any CPU.ActiveCfg = Release|Any CPU
		{D0A4183A-E227-47DE-A40F-1F2A29EE51F6}.Release|Any CPU.Build.0 = Release|Any CPU
		{8C611E6A-3987-43D6-9F1D-0A3D39E048B8}.Debug|Any CPU.ActiveCfg = Debug|Any CPU
		{8C611E6A-3987-43D6-9F1D-0A3D39E048B8}.Debug|Any CPU.Build.0 = Debug|Any CPU
		{8C611E6A-3987-43D6-9F1D-0A3D39E048B8}.Release|Any CPU.ActiveCfg = Release|Any CPU
		{8C611E6A-3987-43D6-9F1D-0A3D39E048B8}.Release|Any CPU.Build.0 = Release|Any CPU
	EndGlobalSection
	GlobalSection(SolutionProperties) = preSolution
		HideSolutionNode = FALSE
	EndGlobalSection
	GlobalSection(NestedProjects) = preSolution
		{4FA241FD-8F2A-4EBD-867A-AAE33AC32488} = {5F0EAA42-4628-44DA-A7A7-F79389B73CA0}
		{D17BF996-717C-48B6-9F86-65C3852DEFD3} = {91952ED9-79EE-4643-9671-52F340255B59}
		{94F4EFB4-F25E-4679-B376-B5C3167BBC53} = {EA349450-3EAD-495E-A9F2-D63D286A04FE}
		{BF073B39-91B6-4F00-BF0C-015066F49C90} = {5F0EAA42-4628-44DA-A7A7-F79389B73CA0}
		{D0A4183A-E227-47DE-A40F-1F2A29EE51F6} = {B0CF7737-09C3-4173-9F08-4A1F72041A21}
		{8C611E6A-3987-43D6-9F1D-0A3D39E048B8} = {B0CF7737-09C3-4173-9F08-4A1F72041A21}
	EndGlobalSection
EndGlobal
